
Microsoft Visual Studio Solution File, Format Version 12.00
# Visual Studio Version 17
VisualStudioVersion = 17.2.32526.322
MinimumVisualStudioVersion = 10.0.40219.1
Project("{9A19103F-16F7-4668-BE54-9A1E7A4F7556}") = "Sentiment.API", ".\Sentiment.API\Sentiment.API.csproj", "{C485149F-CA7C-46BF-9DA9-3DF957804C43}"
EndProject
Project("{FAE04EC0-301F-11D3-BF4B-00C04F79EFBC}") = "Sentiment.API.Tests", ".\Sentiment.API.Tests\Sentiment.API.Tests.csproj", "{D990B5F4-0060-4BC0-84B2-0A193C21253D}"
EndProject
Global
	GlobalSection(SolutionConfigurationPlatforms) = preSolution
		Debug|Any CPU = Debug|Any CPU
		Release|Any CPU = Release|Any CPU
	EndGlobalSection
	GlobalSection(ProjectConfigurationPlatforms) = postSolution
		{C485149F-CA7C-46BF-9DA9-3DF957804C43}.Debug|Any CPU.ActiveCfg = Debug|Any CPU
		{C485149F-CA7C-46BF-9DA9-3DF957804C43}.Debug|Any CPU.Build.0 = Debug|Any CPU
		{C485149F-CA7C-46BF-9DA9-3DF957804C43}.Release|Any CPU.ActiveCfg = Release|Any CPU
		{C485149F-CA7C-46BF-9DA9-3DF957804C43}.Release|Any CPU.Build.0 = Release|Any CPU
		{D990B5F4-0060-4BC0-84B2-0A193C21253D}.Debug|Any CPU.ActiveCfg = Debug|Any CPU
		{D990B5F4-0060-4BC0-84B2-0A193C21253D}.Debug|Any CPU.Build.0 = Debug|Any CPU
		{D990B5F4-0060-4BC0-84B2-0A193C21253D}.Release|Any CPU.ActiveCfg = Release|Any CPU
		{D990B5F4-0060-4BC0-84B2-0A193C21253D}.Release|Any CPU.Build.0 = Release|Any CPU
	EndGlobalSection
	GlobalSection(SolutionProperties) = preSolution
		HideSolutionNode = FALSE
	EndGlobalSection
	GlobalSection(ExtensibilityGlobals) = postSolution
		SolutionGuid = {9E96B481-E313-4A8E-A564-069A203EDDC4}
	EndGlobalSection
EndGlobal
